
Microsoft Visual Studio Solution File, Format Version 12.00
Project("{F2A71F9B-5D33-465A-A702-920D77279786}") = "CQRS.Complex.Web.API", "src\CQRS.Complex.Web.API\CQRS.Complex.Web.API.fsproj", "{D0F064FE-6614-4512-86FB-53BEA06E45E1}"
EndProject
Project("{F2A71F9B-5D33-465A-A702-920D77279786}") = "CQRS.Complex.Components", "src\CQRS.Complex.Components\CQRS.Complex.Components.fsproj", "{9B3E7DD6-0F71-420A-A3E7-C9D142951046}"
EndProject
Global
	GlobalSection(SolutionConfigurationPlatforms) = preSolution
		Debug|Any CPU = Debug|Any CPU
		Release|Any CPU = Release|Any CPU
	EndGlobalSection
	GlobalSection(ProjectConfigurationPlatforms) = postSolution
		{D0F064FE-6614-4512-86FB-53BEA06E45E1}.Debug|Any CPU.ActiveCfg = Debug|Any CPU
		{D0F064FE-6614-4512-86FB-53BEA06E45E1}.Debug|Any CPU.Build.0 = Debug|Any CPU
		{D0F064FE-6614-4512-86FB-53BEA06E45E1}.Release|Any CPU.ActiveCfg = Release|Any CPU
		{D0F064FE-6614-4512-86FB-53BEA06E45E1}.Release|Any CPU.Build.0 = Release|Any CPU
		{9B3E7DD6-0F71-420A-A3E7-C9D142951046}.Debug|Any CPU.ActiveCfg = Debug|Any CPU
		{9B3E7DD6-0F71-420A-A3E7-C9D142951046}.Debug|Any CPU.Build.0 = Debug|Any CPU
		{9B3E7DD6-0F71-420A-A3E7-C9D142951046}.Release|Any CPU.ActiveCfg = Release|Any CPU
		{9B3E7DD6-0F71-420A-A3E7-C9D142951046}.Release|Any CPU.Build.0 = Release|Any CPU
	EndGlobalSection
EndGlobal
